
Microsoft Visual Studio Solution File, Format Version 12.00
# Visual Studio Version 17
VisualStudioVersion = 17.11.35312.102
MinimumVisualStudioVersion = 10.0.40219.1
Project("{9A19103F-16F7-4668-BE54-9A1E7A4F7556}") = "BobAndApe", "BobAndApe.csproj", "{EF1F1557-3C72-4470-93AC-71404175A67A}"
EndProject
Global
	GlobalSection(SolutionConfigurationPlatforms) = preSolution
		Debug|Any CPU = Debug|Any CPU
		ExportDebug|Any CPU = ExportDebug|Any CPU
		ExportRelease|Any CPU = ExportRelease|Any CPU
	EndGlobalSection
	GlobalSection(ProjectConfigurationPlatforms) = postSolution
		{EF1F1557-3C72-4470-93AC-71404175A67A}.Debug|Any CPU.ActiveCfg = Debug|Any CPU
		{EF1F1557-3C72-4470-93AC-71404175A67A}.Debug|Any CPU.Build.0 = Debug|Any CPU
		{EF1F1557-3C72-4470-93AC-71404175A67A}.ExportDebug|Any CPU.ActiveCfg = ExportDebug|Any CPU
		{EF1F1557-3C72-4470-93AC-71404175A67A}.ExportDebug|Any CPU.Build.0 = ExportDebug|Any CPU
		{EF1F1557-3C72-4470-93AC-71404175A67A}.ExportRelease|Any CPU.ActiveCfg = ExportRelease|Any CPU
		{EF1F1557-3C72-4470-93AC-71404175A67A}.ExportRelease|Any CPU.Build.0 = ExportRelease|Any CPU
	EndGlobalSection
	GlobalSection(SolutionProperties) = preSolution
		HideSolutionNode = FALSE
	EndGlobalSection
EndGlobal
